
Microsoft Visual Studio Solution File, Format Version 12.00
# Visual Studio Version 16
VisualStudioVersion = 16.0.29411.138
MinimumVisualStudioVersion = 10.0.40219.1
Project("{FAE04EC0-301F-11D3-BF4B-00C04F79EFBC}") = "IoTDeviceManager", "IoTDeviceManager\IoTDeviceManager.csproj", "{CC26AC70-ED08-4743-B7CD-B78E42E2EC80}"
EndProject
Project("{9A19103F-16F7-4668-BE54-9A1E7A4F7556}") = "IoTClient.Cli", "IoTClient.Cli\IoTClient.Cli.csproj", "{7C38E223-A26F-4349-80D0-8E842DABEF1D}"
EndProject
Global
	GlobalSection(SolutionConfigurationPlatforms) = preSolution
		Debug|Any CPU = Debug|Any CPU
		Release|Any CPU = Release|Any CPU
	EndGlobalSection
	GlobalSection(ProjectConfigurationPlatforms) = postSolution
		{7C38E223-A26F-4349-80D0-8E842DABEF1D}.Debug|Any CPU.ActiveCfg = Debug|Any CPU
		{7C38E223-A26F-4349-80D0-8E842DABEF1D}.Debug|Any CPU.Build.0 = Debug|Any CPU
		{7C38E223-A26F-4349-80D0-8E842DABEF1D}.Release|Any CPU.ActiveCfg = Release|Any CPU
		{7C38E223-A26F-4349-80D0-8E842DABEF1D}.Release|Any CPU.Build.0 = Release|Any CPU
		{CC26AC70-ED08-4743-B7CD-B78E42E2EC80}.Debug|Any CPU.ActiveCfg = Debug|Any CPU
		{CC26AC70-ED08-4743-B7CD-B78E42E2EC80}.Debug|Any CPU.Build.0 = Debug|Any CPU
		{CC26AC70-ED08-4743-B7CD-B78E42E2EC80}.Release|Any CPU.ActiveCfg = Release|Any CPU
		{CC26AC70-ED08-4743-B7CD-B78E42E2EC80}.Release|Any CPU.Build.0 = Release|Any CPU
	EndGlobalSection
	GlobalSection(SolutionProperties) = preSolution
		HideSolutionNode = FALSE
	EndGlobalSection
	GlobalSection(ExtensibilityGlobals) = postSolution
		SolutionGuid = {D6CE32D8-CFAE-4448-9858-6900E9865200}
	EndGlobalSection
EndGlobal
